
Microsoft Visual Studio Solution File, Format Version 12.00
# Visual Studio Version 17
VisualStudioVersion = 17.7.34009.444
MinimumVisualStudioVersion = 10.0.40219.1
Project("{FAE04EC0-301F-11D3-BF4B-00C04F79EFBC}") = "ExcelVTEntegrasyonProjesi", "ExcelVTEntegrasyonProjesi\ExcelVTEntegrasyonProjesi.csproj", "{32C58844-937C-43DB-A572-91C39F82CD4D}"
EndProject
Global
	GlobalSection(SolutionConfigurationPlatforms) = preSolution
		Debug|Any CPU = Debug|Any CPU
		Release|Any CPU = Release|Any CPU
	EndGlobalSection
	GlobalSection(ProjectConfigurationPlatforms) = postSolution
		{32C58844-937C-43DB-A572-91C39F82CD4D}.Debug|Any CPU.ActiveCfg = Debug|Any CPU
		{32C58844-937C-43DB-A572-91C39F82CD4D}.Debug|Any CPU.Build.0 = Debug|Any CPU
		{32C58844-937C-43DB-A572-91C39F82CD4D}.Release|Any CPU.ActiveCfg = Release|Any CPU
		{32C58844-937C-43DB-A572-91C39F82CD4D}.Release|Any CPU.Build.0 = Release|Any CPU
	EndGlobalSection
	GlobalSection(SolutionProperties) = preSolution
		HideSolutionNode = FALSE
	EndGlobalSection
	GlobalSection(ExtensibilityGlobals) = postSolution
		SolutionGuid = {DC349C7B-B27D-4ABB-8E0D-1D3353F26D17}
	EndGlobalSection
EndGlobal
